// !$*UTF8*$!
{
	archiveVersion = 1;
	classes = {
	};
	objectVersion = 55;
	objects = {

/* Begin PBXBuildFile section */
		79BC94632856BC5B001BE496 /* AppDelegate.swift in Sources */ = {isa = PBXBuildFile; fileRef = 79BC94622856BC5B001BE496 /* AppDelegate.swift */; };
		79BC94652856BC5B001BE496 /* SceneDelegate.swift in Sources */ = {isa = PBXBuildFile; fileRef = 79BC94642856BC5B001BE496 /* SceneDelegate.swift */; };
		79BC94672856BC5B001BE496 /* ViewController.swift in Sources */ = {isa = PBXBuildFile; fileRef = 79BC94662856BC5B001BE496 /* ViewController.swift */; };
		79BC946A2856BC5B001BE496 /* Main.storyboard in Resources */ = {isa = PBXBuildFile; fileRef = 79BC94682856BC5B001BE496 /* Main.storyboard */; };
		79BC946C2856BC6F001BE496 /* Assets.xcassets in Resources */ = {isa = PBXBuildFile; fileRef = 79BC946B2856BC6F001BE496 /* Assets.xcassets */; };
		79BC946F2856BC6F001BE496 /* LaunchScreen.storyboard in Resources */ = {isa = PBXBuildFile; fileRef = 79BC946D2856BC6F001BE496 /* LaunchScreen.storyboard */; };
		79BC94782856BCE0001BE496 /* CoreLocation.framework in Frameworks */ = {isa = PBXBuildFile; fileRef = 79BC94772856BCE0001BE496 /* CoreLocation.framework */; };
		79BC947A2856D7E7001BE496 /* Message.swift in Sources */ = {isa = PBXBuildFile; fileRef = 79BC94792856D7E7001BE496 /* Message.swift */; };
/* End PBXBuildFile section */

/* Begin PBXFileReference section */
		79BC945F2856BC5A001BE496 /* WhereIAM.app */ = {isa = PBXFileReference; explicitFileType = wrapper.application; includeInIndex = 0; path = WhereIAM.app; sourceTree = BUILT_PRODUCTS_DIR; };
		79BC94622856BC5B001BE496 /* AppDelegate.swift */ = {isa = PBXFileReference; lastKnownFileType = sourcecode.swift; path = AppDelegate.swift; sourceTree = "<group>"; };
		79BC94642856BC5B001BE496 /* SceneDelegate.swift */ = {isa = PBXFileReference; lastKnownFileType = sourcecode.swift; path = SceneDelegate.swift; sourceTree = "<group>"; };
		79BC94662856BC5B001BE496 /* ViewController.swift */ = {isa = PBXFileReference; lastKnownFileType = sourcecode.swift; path = ViewController.swift; sourceTree = "<group>"; };
		79BC94692856BC5B001BE496 /* Base */ = {isa = PBXFileReference; lastKnownFileType = file.storyboard; name = Base; path = Base.lproj/Main.storyboard; sourceTree = "<group>"; };
		79BC946B2856BC6F001BE496 /* Assets.xcassets */ = {isa = PBXFileReference; lastKnownFileType = folder.assetcatalog; path = Assets.xcassets; sourceTree = "<group>"; };
		79BC946E2856BC6F001BE496 /* Base */ = {isa = PBXFileReference; lastKnownFileType = file.storyboard; name = Base; path = Base.lproj/LaunchScreen.storyboard; sourceTree = "<group>"; };
		79BC94702856BC6F001BE496 /* Info.plist */ = {isa = PBXFileReference; lastKnownFileType = text.plist.xml; path = Info.plist; sourceTree = "<group>"; };
		79BC94772856BCE0001BE496 /* CoreLocation.framework */ = {isa = PBXFileReference; lastKnownFileType = wrapper.framework; name = CoreLocation.framework; path = System/Library/Frameworks/CoreLocation.framework; sourceTree = SDKROOT; };
		79BC94792856D7E7001BE496 /* Message.swift */ = {isa = PBXFileReference; lastKnownFileType = sourcecode.swift; path = Message.swift; sourceTree = "<group>"; };
/* End PBXFileReference section */

/* Begin PBXFrameworksBuildPhase section */
		79BC945C2856BC5A001BE496 /* Frameworks */ = {
			isa = PBXFrameworksBuildPhase;
			buildActionMask = 2147483647;
			files = (
				79BC94782856BCE0001BE496 /* CoreLocation.framework in Frameworks */,
			);
			runOnlyForDeploymentPostprocessing = 0;
		};
/* End PBXFrameworksBuildPhase section */

/* Begin PBXGroup section */
		79BC94562856BC5A001BE496 = {
			isa = PBXGroup;
			children = (
				79BC94612856BC5A001BE496 /* WhereIAM */,
				79BC94602856BC5A001BE496 /* Products */,
				79BC94762856BCDF001BE496 /* Frameworks */,
			);
			sourceTree = "<group>";
		};
		79BC94602856BC5A001BE496 /* Products */ = {
			isa = PBXGroup;
			children = (
				79BC945F2856BC5A001BE496 /* WhereIAM.app */,
			);
			name = Products;
			sourceTree = "<group>";
		};
		79BC94612856BC5A001BE496 /* WhereIAM */ = {
			isa = PBXGroup;
			children = (
				79BC94622856BC5B001BE496 /* AppDelegate.swift */,
				79BC94642856BC5B001BE496 /* SceneDelegate.swift */,
				79BC94662856BC5B001BE496 /* ViewController.swift */,
				79BC94792856D7E7001BE496 /* Message.swift */,
				79BC94682856BC5B001BE496 /* Main.storyboard */,
				79BC946B2856BC6F001BE496 /* Assets.xcassets */,
				79BC946D2856BC6F001BE496 /* LaunchScreen.storyboard */,
				79BC94702856BC6F001BE496 /* Info.plist */,
			);
			path = WhereIAM;
			sourceTree = "<group>";
		};
		79BC94762856BCDF001BE496 /* Frameworks */ = {
			isa = PBXGroup;
			children = (
				79BC94772856BCE0001BE496 /* CoreLocation.framework */,
			);
			name = Frameworks;
			sourceTree = "<group>";
		};
/* End PBXGroup section */

/* Begin PBXNativeTarget section */
		79BC945E2856BC5A001BE496 /* WhereIAM */ = {
			isa = PBXNativeTarget;
			buildConfigurationList = 79BC94732856BC6F001BE496 /* Build configuration list for PBXNativeTarget "WhereIAM" */;
			buildPhases = (
				79BC945B2856BC5A001BE496 /* Sources */,
				79BC945C2856BC5A001BE496 /* Frameworks */,
				79BC945D2856BC5A001BE496 /* Resources */,
			);
			buildRules = (
			);
			dependencies = (
			);
			name = WhereIAM;
			productName = WhereIAM;
			productReference = 79BC945F2856BC5A001BE496 /* WhereIAM.app */;
			productType = "com.apple.product-type.application";
		};
/* End PBXNativeTarget section */

/* Begin PBXProject section */
		79BC94572856BC5A001BE496 /* Project object */ = {
			isa = PBXProject;
			attributes = {
				BuildIndependentTargetsInParallel = 1;
				LastSwiftUpdateCheck = 1330;
				LastUpgradeCheck = 1330;
				TargetAttributes = {
					79BC945E2856BC5A001BE496 = {
						CreatedOnToolsVersion = 13.3.1;
					};
				};
			};
			buildConfigurationList = 79BC945A2856BC5A001BE496 /* Build configuration list for PBXProject "WhereIAM" */;
			compatibilityVersion = "Xcode 13.0";
			developmentRegion = en;
			hasScannedForEncodings = 0;
			knownRegions = (
				en,
				Base,
			);
			mainGroup = 79BC94562856BC5A001BE496;
			productRefGroup = 79BC94602856BC5A001BE496 /* Products */;
			projectDirPath = "";
			projectRoot = "";
			targets = (
				79BC945E2856BC5A001BE496 /* WhereIAM */,
			);
		};
/* End PBXProject section */

/* Begin PBXResourcesBuildPhase section */
		79BC945D2856BC5A001BE496 /* Resources */ = {
			isa = PBXResourcesBuildPhase;
			buildActionMask = 2147483647;
			files = (
				79BC946F2856BC6F001BE496 /* LaunchScreen.storyboard in Resources */,
				79BC946C2856BC6F001BE496 /* Assets.xcassets in Resources */,
				79BC946A2856BC5B001BE496 /* Main.storyboard in Resources */,
			);
			runOnlyForDeploymentPostprocessing = 0;
		};
/* End PBXResourcesBuildPhase section */

/* Begin PBXSourcesBuildPhase section */
		79BC945B2856BC5A001BE496 /* Sources */ = {
			isa = PBXSourcesBuildPhase;
			buildActionMask = 2147483647;
			files = (
				79BC94672856BC5B001BE496 /* ViewController.swift in Sources */,
				79BC947A2856D7E7001BE496 /* Message.swift in Sources */,
				79BC94632856BC5B001BE496 /* AppDelegate.swift in Sources */,
				79BC94652856BC5B001BE496 /* SceneDelegate.swift in Sources */,
			);
			runOnlyForDeploymentPostprocessing = 0;
		};
/* End PBXSourcesBuildPhase section */

/* Begin PBXVariantGroup section */
		79BC94682856BC5B001BE496 /* Main.storyboard */ = {
			isa = PBXVariantGroup;
			children = (
				79BC94692856BC5B001BE496 /* Base */,
			);
			name = Main.storyboard;
			sourceTree = "<group>";
		};
		79BC946D2856BC6F001BE496 /* LaunchScreen.storyboard */ = {
			isa = PBXVariantGroup;
			children = (
				79BC946E2856BC6F001BE496 /* Base */,
			);
			name = LaunchScreen.storyboard;
			sourceTree = "<group>";
		};
/* End PBXVariantGroup section */

/* Begin XCBuildConfiguration section */
		79BC94712856BC6F001BE496 /* Debug */ = {
			isa = XCBuildConfiguration;
			buildSettings = {
				ALWAYS_SEARCH_USER_PATHS = NO;
				CLANG_ANALYZER_NONNULL = YES;
				CLANG_ANALYZER_NUMBER_OBJECT_CONVERSION = YES_AGGRESSIVE;
				CLANG_CXX_LANGUAGE_STANDARD = "gnu++17";
				CLANG_ENABLE_MODULES = YES;
				CLANG_ENABLE_OBJC_ARC = YES;
				CLANG_ENABLE_OBJC_WEAK = YES;
				CLANG_WARN_BLOCK_CAPTURE_AUTORELEASING = YES;
				CLANG_WARN_BOOL_CONVERSION = YES;
				CLANG_WARN_COMMA = YES;
				CLANG_WARN_CONSTANT_CONVERSION = YES;
				CLANG_WARN_DEPRECATED_OBJC_IMPLEMENTATIONS = YES;
				CLANG_WARN_DIRECT_OBJC_ISA_USAGE = YES_ERROR;
				CLANG_WARN_DOCUMENTATION_COMMENTS = YES;
				CLANG_WARN_EMPTY_BODY = YES;
				CLANG_WARN_ENUM_CONVERSION = YES;
				CLANG_WARN_INFINITE_RECURSION = YES;
				CLANG_WARN_INT_CONVERSION = YES;
				CLANG_WARN_NON_LITERAL_NULL_CONVERSION = YES;
				CLANG_WARN_OBJC_IMPLICIT_RETAIN_SELF = YES;
				CLANG_WARN_OBJC_LITERAL_CONVERSION = YES;
				CLANG_WARN_OBJC_ROOT_CLASS = YES_ERROR;
				CLANG_WARN_QUOTED_INCLUDE_IN_FRAMEWORK_HEADER = YES;
				CLANG_WARN_RANGE_LOOP_ANALYSIS = YES;
				CLANG_WARN_STRICT_PROTOTYPES = YES;
				CLANG_WARN_SUSPICIOUS_MOVE = YES;
				CLANG_WARN_UNGUARDED_AVAILABILITY = YES_AGGRESSIVE;
				CLANG_WARN_UNREACHABLE_CODE = YES;
				CLANG_WARN__DUPLICATE_METHOD_MATCH = YES;
				COPY_PHASE_STRIP = NO;
				DEBUG_INFORMATION_FORMAT = dwarf;
				ENABLE_STRICT_OBJC_MSGSEND = YES;
				ENABLE_TESTABILITY = YES;
				GCC_C_LANGUAGE_STANDARD = gnu11;
				GCC_DYNAMIC_NO_PIC = NO;
				GCC_NO_COMMON_BLOCKS = YES;
				GCC_OPTIMIZATION_LEVEL = 0;
				GCC_PREPROCESSOR_DEFINITIONS = (
					"DEBUG=1",
					"$(inherited)",
				);
				GCC_WARN_64_TO_32_BIT_CONVERSION = YES;
				GCC_WARN_ABOUT_RETURN_TYPE = YES_ERROR;
				GCC_WARN_UNDECLARED_SELECTOR = YES;
				GCC_WARN_UNINITIALIZED_AUTOS = YES_AGGRESSIVE;
				GCC_WARN_UNUSED_FUNCTION = YES;
				GCC_WARN_UNUSED_VARIABLE = YES;
				IPHONEOS_DEPLOYMENT_TARGET = 15.2;
				MTL_ENABLE_DEBUG_INFO = INCLUDE_SOURCE;
				MTL_FAST_MATH = YES;
				ONLY_ACTIVE_ARCH = YES;
				SDKROOT = iphoneos;
				SWIFT_ACTIVE_COMPILATION_CONDITIONS = DEBUG;
				SWIFT_OPTIMIZATION_LEVEL = "-Onone";
			};
			name = Debug;
		};
		79BC94722856BC6F001BE496 /* Release */ = {
			isa = XCBuildConfiguration;
			buildSettings = {
				ALWAYS_SEARCH_USER_PATHS = NO;
				CLANG_ANALYZER_NONNULL = YES;
				CLANG_ANALYZER_NUMBER_OBJECT_CONVERSION = YES_AGGRESSIVE;
				CLANG_CXX_LANGUAGE_STANDARD = "gnu++17";
				CLANG_ENABLE_MODULES = YES;
				CLANG_ENABLE_OBJC_ARC = YES;
				CLANG_ENABLE_OBJC_WEAK = YES;
				CLANG_WARN_BLOCK_CAPTURE_AUTORELEASING = YES;
				CLANG_WARN_BOOL_CONVERSION = YES;
				CLANG_WARN_COMMA = YES;
				CLANG_WARN_CONSTANT_CONVERSION = YES;
				CLANG_WARN_DEPRECATED_OBJC_IMPLEMENTATIONS = YES;
				CLANG_WARN_DIRECT_OBJC_ISA_USAGE = YES_ERROR;
				CLANG_WARN_DOCUMENTATION_COMMENTS = YES;
				CLANG_WARN_EMPTY_BODY = YES;
				CLANG_WARN_ENUM_CONVERSION = YES;
				CLANG_WARN_INFINITE_RECURSION = YES;
				CLANG_WARN_INT_CONVERSION = YES;
				CLANG_WARN_NON_LITERAL_NULL_CONVERSION = YES;
				CLANG_WARN_OBJC_IMPLICIT_RETAIN_SELF = YES;
				CLANG_WARN_OBJC_LITERAL_CONVERSION = YES;
				CLANG_WARN_OBJC_ROOT_CLASS = YES_ERROR;
				CLANG_WARN_QUOTED_INCLUDE_IN_FRAMEWORK_HEADER = YES;
				CLANG_WARN_RANGE_LOOP_ANALYSIS = YES;
				CLANG_WARN_STRICT_PROTOTYPES = YES;
				CLANG_WARN_SUSPICIOUS_MOVE = YES;
				CLANG_WARN_UNGUARDED_AVAILABILITY = YES_AGGRESSIVE;
				CLANG_WARN_UNREACHABLE_CODE = YES;
				CLANG_WARN__DUPLICATE_METHOD_MATCH = YES;
				COPY_PHASE_STRIP = NO;
				DEBUG_INFORMATION_FORMAT = "dwarf-with-dsym";
				ENABLE_NS_ASSERTIONS = NO;
				ENABLE_STRICT_OBJC_MSGSEND = YES;
				GCC_C_LANGUAGE_STANDARD = gnu11;
				GCC_NO_COMMON_BLOCKS = YES;
				GCC_WARN_64_TO_32_BIT_CONVERSION = YES;
				GCC_WARN_ABOUT_RETURN_TYPE = YES_ERROR;
				GCC_WARN_UNDECLARED_SELECTOR = YES;
				GCC_WARN_UNINITIALIZED_AUTOS = YES_AGGRESSIVE;
				GCC_WARN_UNUSED_FUNCTION = YES;
				GCC_WARN_UNUSED_VARIABLE = YES;
				IPHONEOS_DEPLOYMENT_TARGET = 15.2;
				MTL_ENABLE_DEBUG_INFO = NO;
				MTL_FAST_MATH = YES;
				SDKROOT = iphoneos;
				SWIFT_COMPILATION_MODE = wholemodule;
				SWIFT_OPTIMIZATION_LEVEL = "-O";
				VALIDATE_PRODUCT = YES;
			};
			name = Release;
		};
		79BC94742856BC6F001BE496 /* Debug */ = {
			isa = XCBuildConfiguration;
			buildSettings = {
				ASSETCATALOG_COMPILER_APPICON_NAME = AppIcon;
				ASSETCATALOG_COMPILER_GLOBAL_ACCENT_COLOR_NAME = AccentColor;
				CODE_SIGN_STYLE = Automatic;
				CURRENT_PROJECT_VERSION = 1;
				DEVELOPMENT_TEAM = 53VK22JGS5;
				GENERATE_INFOPLIST_FILE = YES;
				INFOPLIST_FILE = WhereIAM/Info.plist;
				INFOPLIST_KEY_UIApplicationSupportsIndirectInputEvents = YES;
				INFOPLIST_KEY_UILaunchStoryboardName = LaunchScreen;
				INFOPLIST_KEY_UIMainStoryboardFile = Main;
				INFOPLIST_KEY_UISupportedInterfaceOrientations_iPad = "UIInterfaceOrientationPortrait UIInterfaceOrientationPortraitUpsideDown UIInterfaceOrientationLandscapeLeft UIInterfaceOrientationLandscapeRight";
				INFOPLIST_KEY_UISupportedInterfaceOrientations_iPhone = "UIInterfaceOrientationPortrait UIInterfaceOrientationLandscapeLeft UIInterfaceOrientationLandscapeRight";
				LD_RUNPATH_SEARCH_PATHS = (
					"$(inherited)",
					"@executable_path/Frameworks",
				);
				MARKETING_VERSION = 1.0;
				PRODUCT_BUNDLE_IDENTIFIER = com.guilhermecosta.WhereIAM;
				PRODUCT_NAME = "$(TARGET_NAME)";
				SWIFT_EMIT_LOC_STRINGS = YES;
				SWIFT_VERSION = 5.0;
				TARGETED_DEVICE_FAMILY = "1,2";
			};
			name = Debug;
		};
		79BC94752856BC6F001BE496 /* Release */ = {
			isa = XCBuildConfiguration;
			buildSettings = {
				ASSETCATALOG_COMPILER_APPICON_NAME = AppIcon;
				ASSETCATALOG_COMPILER_GLOBAL_ACCENT_COLOR_NAME = AccentColor;
				CODE_SIGN_STYLE = Automatic;
				CURRENT_PROJECT_VERSION = 1;
				DEVELOPMENT_TEAM = 53VK22JGS5;
				GENERATE_INFOPLIST_FILE = YES;
				INFOPLIST_FILE = WhereIAM/Info.plist;
				INFOPLIST_KEY_UIApplicationSupportsIndirectInputEvents = YES;
				INFOPLIST_KEY_UILaunchStoryboardName = LaunchScreen;
				INFOPLIST_KEY_UIMainStoryboardFile = Main;
				INFOPLIST_KEY_UISupportedInterfaceOrientations_iPad = "UIInterfaceOrientationPortrait UIInterfaceOrientationPortraitUpsideDown UIInterfaceOrientationLandscapeLeft UIInterfaceOrientationLandscapeRight";
				INFOPLIST_KEY_UISupportedInterfaceOrientations_iPhone = "UIInterfaceOrientationPortrait UIInterfaceOrientationLandscapeLeft UIInterfaceOrientationLandscapeRight";
				LD_RUNPATH_SEARCH_PATHS = (
					"$(inherited)",
					"@executable_path/Frameworks",
				);
				MARKETING_VERSION = 1.0;
				PRODUCT_BUNDLE_IDENTIFIER = com.guilhermecosta.WhereIAM;
				PRODUCT_NAME = "$(TARGET_NAME)";
				SWIFT_EMIT_LOC_STRINGS = YES;
				SWIFT_VERSION = 5.0;
				TARGETED_DEVICE_FAMILY = "1,2";
			};
			name = Release;
		};
/* End XCBuildConfiguration section */

/* Begin XCConfigurationList section */
		79BC945A2856BC5A001BE496 /* Build configuration list for PBXProject "WhereIAM" */ = {
			isa = XCConfigurationList;
			buildConfigurations = (
				79BC94712856BC6F001BE496 /* Debug */,
				79BC94722856BC6F001BE496 /* Release */,
			);
			defaultConfigurationIsVisible = 0;
			defaultConfigurationName = Release;
		};
		79BC94732856BC6F001BE496 /* Build configuration list for PBXNativeTarget "WhereIAM" */ = {
			isa = XCConfigurationList;
			buildConfigurations = (
				79BC94742856BC6F001BE496 /* Debug */,
				79BC94752856BC6F001BE496 /* Release */,
			);
			defaultConfigurationIsVisible = 0;
			defaultConfigurationName = Release;
		};
/* End XCConfigurationList section */
	};
	rootObject = 79BC94572856BC5A001BE496 /* Project object */;
}
